# THIS IS AN AUTOGENERATED FILE. DO NOT EDIT THIS FILE DIRECTLY.
# yarn lockfile v1


ajv@^4.9.1:
  version "4.11.8"
  resolved "https://registry.yarnpkg.com/ajv/-/ajv-4.11.8.tgz#82ffb02b29e662ae53bdc20af15947706739c536"
  integrity sha1-gv+wKynmYq5TvcIK8VlHcGc5xTY=
  dependencies:
    co "^4.6.0"
    json-stable-stringify "^1.0.1"

ansi-escapes@^3.0.0:
  version "3.1.0"
  resolved "https://registry.yarnpkg.com/ansi-escapes/-/ansi-escapes-3.1.0.tgz#f73207bb81207d75fd6c83f125af26eea378ca30"
  integrity sha512-UgAb8H9D41AQnu/PbWlCofQVcnV4Gs2bBJi9eZPxfU/hgglFh3SMDMENRIqdr7H6XFnXdoknctFByVsCOotTVw==

ansi-regex@^3.0.0:
  version "3.0.0"
  resolved "https://registry.yarnpkg.com/ansi-regex/-/ansi-regex-3.0.0.tgz#ed0317c322064f79466c02966bddb605ab37d998"
  integrity sha1-7QMXwyIGT3lGbAKWa922Bas32Zg=

ansi-styles@^3.2.1:
  version "3.2.1"
  resolved "https://registry.yarnpkg.com/ansi-styles/-/ansi-styles-3.2.1.tgz#41fbb20243e50b12be0f04b8dedbf07520ce841d"
  integrity sha512-VT0ZI6kZRdTh8YyJw3SMbYm/u+NqfsAxEpWO0Pf9sq8/e94WxxOpPKx9FR1FlyCtOVDNOQ+8ntlqFxiRc+r5qA==
  dependencies:
    color-convert "^1.9.0"

asn1@~0.2.3:
  version "0.2.3"
  resolved "https://registry.yarnpkg.com/asn1/-/asn1-0.2.3.tgz#dac8787713c9966849fc8180777ebe9c1ddf3b86"
  integrity sha1-2sh4dxPJlmhJ/IGAd36+nB3fO4Y=

assert-plus@1.0.0, assert-plus@^1.0.0:
  version "1.0.0"
  resolved "https://registry.yarnpkg.com/assert-plus/-/assert-plus-1.0.0.tgz#f12e0f3c5d77b0b1cdd9146942e4e96c1e4dd525"
  integrity sha1-8S4PPF13sLHN2RRpQuTpbB5N1SU=

assert-plus@^0.2.0:
  version "0.2.0"
  resolved "https://registry.yarnpkg.com/assert-plus/-/assert-plus-0.2.0.tgz#d74e1b87e7affc0db8aadb7021f3fe48101ab234"
  integrity sha1-104bh+ev/A24qttwIfP+SBAasjQ=

async@^2.1.4:
  version "2.6.1"
  resolved "https://registry.yarnpkg.com/async/-/async-2.6.1.tgz#b245a23ca71930044ec53fa46aa00a3e87c6a610"
  integrity sha512-fNEiL2+AZt6AlAw/29Cr0UDe4sRAHCpEHh54WMz+Bb7QfNcFw4h3loofyJpLeQs4Yx7yuqu/2dLgM5hKOs6HlQ==
  dependencies:
    lodash "^4.17.10"

asynckit@^0.4.0:
  version "0.4.0"
  resolved "https://registry.yarnpkg.com/asynckit/-/asynckit-0.4.0.tgz#c79ed97f7f34cb8f2ba1bc9790bcc366474b4b79"
  integrity sha1-x57Zf380y48robyXkLzDZkdLS3k=

aws-sign2@~0.6.0:
  version "0.6.0"
  resolved "https://registry.yarnpkg.com/aws-sign2/-/aws-sign2-0.6.0.tgz#14342dd38dbcc94d0e5b87d763cd63612c0e794f"
  integrity sha1-FDQt0428yU0OW4fXY81jYSwOeU8=

aws4@^1.2.1:
  version "1.6.0"
  resolved "https://registry.yarnpkg.com/aws4/-/aws4-1.6.0.tgz#83ef5ca860b2b32e4a0deedee8c771b9db57471e"
  integrity sha1-g+9cqGCysy5KDe7e6MdxudtXRx4=

bcrypt-pbkdf@^1.0.0:
  version "1.0.1"
  resolved "https://registry.yarnpkg.com/bcrypt-pbkdf/-/bcrypt-pbkdf-1.0.1.tgz#63bc5dcb61331b92bc05fd528953c33462a06f8d"
  integrity sha1-Y7xdy2EzG5K8Bf1SiVPDNGKgb40=
  dependencies:
    tweetnacl "^0.14.3"

boom@2.x.x:
  version "2.10.1"
  resolved "https://registry.yarnpkg.com/boom/-/boom-2.10.1.tgz#39c8918ceff5799f83f9492a848f625add0c766f"
  integrity sha1-OciRjO/1eZ+D+UkqhI9iWt0Mdm8=
  dependencies:
    hoek "2.x.x"

builtin-modules@^1.0.0:
  version "1.1.1"
  resolved "https://registry.yarnpkg.com/builtin-modules/-/builtin-modules-1.1.1.tgz#270f076c5a72c02f5b65a47df94c5fe3a278892f"
  integrity sha1-Jw8HbFpywC9bZaR9+Uxf46J4iS8=

caseless@~0.12.0:
  version "0.12.0"
  resolved "https://registry.yarnpkg.com/caseless/-/caseless-0.12.0.tgz#1b681c21ff84033c826543090689420d187151dc"
  integrity sha1-G2gcIf+EAzyCZUMJBolCDRhxUdw=

chalk@^2.0.0, chalk@^2.3.0:
  version "2.4.1"
  resolved "https://registry.yarnpkg.com/chalk/-/chalk-2.4.1.tgz#18c49ab16a037b6eb0152cc83e3471338215b66e"
  integrity sha512-ObN6h1v2fTJSmUXoS3nMQ92LbDK9be4TV+6G+omQlGJFdcUX5heKi1LZ1YnRMIgwTLEj3E24bT6tYni50rlCfQ==
  dependencies:
    ansi-styles "^3.2.1"
    escape-string-regexp "^1.0.5"
    supports-color "^5.3.0"

chardet@^0.4.0:
  version "0.4.2"
  resolved "https://registry.yarnpkg.com/chardet/-/chardet-0.4.2.tgz#b5473b33dc97c424e5d98dc87d55d4d8a29c8bf2"
  integrity sha1-tUc7M9yXxCTl2Y3IfVXU2KKci/I=

cli-cursor@^2.1.0:
  version "2.1.0"
  resolved "https://registry.yarnpkg.com/cli-cursor/-/cli-cursor-2.1.0.tgz#b35dac376479facc3e94747d41d0d0f5238ffcb5"
  integrity sha1-s12sN2R5+sw+lHR9QdDQ9SOP/LU=
  dependencies:
    restore-cursor "^2.0.0"

cli-width@^2.0.0:
  version "2.2.0"
  resolved "https://registry.yarnpkg.com/cli-width/-/cli-width-2.2.0.tgz#ff19ede8a9a5e579324147b0c11f0fbcbabed639"
  integrity sha1-/xnt6Kml5XkyQUewwR8PvLq+1jk=

co@^4.6.0:
  version "4.6.0"
  resolved "https://registry.yarnpkg.com/co/-/co-4.6.0.tgz#6ea6bdf3d853ae54ccb8e47bfa0bf3f9031fb184"
  integrity sha1-bqa989hTrlTMuOR7+gvz+QMfsYQ=

color-convert@^1.9.0:
  version "1.9.2"
  resolved "https://registry.yarnpkg.com/color-convert/-/color-convert-1.9.2.tgz#49881b8fba67df12a96bdf3f56c0aab9e7913147"
  integrity sha512-3NUJZdhMhcdPn8vJ9v2UQJoH0qqoGUkYTgFEPZaPjEtwmmKUfNV46zZmgB2M5M4DCEQHMaCfWHCxiBflLm04Tg==
  dependencies:
    color-name "1.1.1"

color-name@1.1.1:
  version "1.1.1"
  resolved "https://registry.yarnpkg.com/color-name/-/color-name-1.1.1.tgz#4b1415304cf50028ea81643643bd82ea05803689"
  integrity sha1-SxQVMEz1ACjqgWQ2Q72C6gWANok=

combined-stream@^1.0.5, combined-stream@~1.0.5:
  version "1.0.5"
  resolved "https://registry.yarnpkg.com/combined-stream/-/combined-stream-1.0.5.tgz#938370a57b4a51dea2c77c15d5c5fdf895164009"
  integrity sha1-k4NwpXtKUd6ix3wV1cX9+JUWQAk=
  dependencies:
    delayed-stream "~1.0.0"

conf@^1.0.0:
  version "1.1.1"
  resolved "https://registry.yarnpkg.com/conf/-/conf-1.1.1.tgz#238d0a3090ac4916ed2d40c7e81d7a11667bc7ba"
  integrity sha1-I40KMJCsSRbtLUDH6B16EWZ7x7o=
  dependencies:
    dot-prop "^4.1.0"
    env-paths "^1.0.0"
    make-dir "^1.0.0"
    pkg-up "^2.0.0"

conf@^1.3.1:
  version "1.4.0"
  resolved "https://registry.yarnpkg.com/conf/-/conf-1.4.0.tgz#1ea66c9d7a9b601674a5bb9d2b8dc3c726625e67"
  integrity sha512-bzlVWS2THbMetHqXKB8ypsXN4DQ/1qopGwNJi1eYbpwesJcd86FBjFciCQX/YwAhp9bM7NVnPFqZ5LpV7gP0Dg==
  dependencies:
    dot-prop "^4.1.0"
    env-paths "^1.0.0"
    make-dir "^1.0.0"
    pkg-up "^2.0.0"
    write-file-atomic "^2.3.0"

configstore@^2.0.0:
  version "2.1.0"
  resolved "https://registry.yarnpkg.com/configstore/-/configstore-2.1.0.tgz#737a3a7036e9886102aa6099e47bb33ab1aba1a1"
  integrity sha1-c3o6cDbpiGECqmCZ5HuzOrGroaE=
  dependencies:
    dot-prop "^3.0.0"
    graceful-fs "^4.1.2"
    mkdirp "^0.5.0"
    object-assign "^4.0.1"
    os-tmpdir "^1.0.0"
    osenv "^0.1.0"
    uuid "^2.0.1"
    write-file-atomic "^1.1.2"
    xdg-basedir "^2.0.0"

cryptiles@2.x.x:
  version "2.0.5"
  resolved "https://registry.yarnpkg.com/cryptiles/-/cryptiles-2.0.5.tgz#3bdfecdc608147c1c67202fa291e7dca59eaa3b8"
  integrity sha1-O9/s3GCBR8HGcgL6KR59ylnqo7g=
  dependencies:
    boom "2.x.x"

dashdash@^1.12.0:
  version "1.14.1"
  resolved "https://registry.yarnpkg.com/dashdash/-/dashdash-1.14.1.tgz#853cfa0f7cbe2fed5de20326b8dd581035f6e2f0"
  integrity sha1-hTz6D3y+L+1d4gMmuN1YEDX24vA=
  dependencies:
    assert-plus "^1.0.0"

delayed-stream@~1.0.0:
  version "1.0.0"
  resolved "https://registry.yarnpkg.com/delayed-stream/-/delayed-stream-1.0.0.tgz#df3ae199acadfb7d440aaae0b29e2272b24ec619"
  integrity sha1-3zrhmayt+31ECqrgsp4icrJOxhk=

dot-prop@^3.0.0:
  version "3.0.0"
  resolved "https://registry.yarnpkg.com/dot-prop/-/dot-prop-3.0.0.tgz#1b708af094a49c9a0e7dbcad790aba539dac1177"
  integrity sha1-G3CK8JSknJoOfbyteQq6U52sEXc=
  dependencies:
    is-obj "^1.0.0"

dot-prop@^4.1.0:
  version "4.1.1"
  resolved "https://registry.yarnpkg.com/dot-prop/-/dot-prop-4.1.1.tgz#a8493f0b7b5eeec82525b5c7587fa7de7ca859c1"
  integrity sha1-qEk/C3te7sglJbXHWH+n3nyoWcE=
  dependencies:
    is-obj "^1.0.0"

ecc-jsbn@~0.1.1:
  version "0.1.1"
  resolved "https://registry.yarnpkg.com/ecc-jsbn/-/ecc-jsbn-0.1.1.tgz#0fc73a9ed5f0d53c38193398523ef7e543777505"
  integrity sha1-D8c6ntXw1Tw4GTOYUj735UN3dQU=
  dependencies:
    jsbn "~0.1.0"

electron-config@^1.0.0:
  version "1.0.0"
  resolved "https://registry.yarnpkg.com/electron-config/-/electron-config-1.0.0.tgz#069d044cc794f04784ae72f12916725d3c8c39af"
  integrity sha1-Bp0ETMeU8EeErnLxKRZyXTyMOa8=
  dependencies:
    conf "^1.0.0"

electron-is-dev@^0.3.0:
  version "0.3.0"
  resolved "https://registry.yarnpkg.com/electron-is-dev/-/electron-is-dev-0.3.0.tgz#14e6fda5c68e9e4ecbeff9ccf037cbd7c05c5afe"
  integrity sha1-FOb9pcaOnk7L7/nM8DfL18BcWv4=

element-ready@^3.0.0:
  version "3.0.0"
  resolved "https://registry.yarnpkg.com/element-ready/-/element-ready-3.0.0.tgz#7e7b5bc63759d1244c13a6112cbc14f102b4f474"
  integrity sha512-HjNVuYDQjAU1nEbZPj4eO4ziYsdtJxh/fNzhiqzD71R9t0kBuy4aeRbEuMZ2VvqkecHtyrBmdGLj4RuvT7Q0Hw==
  dependencies:
    p-cancelable "^0.4.1"

env-paths@^1.0.0:
  version "1.0.0"
  resolved "https://registry.yarnpkg.com/env-paths/-/env-paths-1.0.0.tgz#4168133b42bb05c38a35b1ae4397c8298ab369e0"
  integrity sha1-QWgTO0K7BcOKNbGuQ5fIKYqzaeA=

error-ex@^1.2.0:
  version "1.3.1"
  resolved "https://registry.yarnpkg.com/error-ex/-/error-ex-1.3.1.tgz#f855a86ce61adc4e8621c3cda21e7a7612c3a8dc"
  integrity sha1-+FWobOYa3E6GIcPNoh56dhLDqNw=
  dependencies:
    is-arrayish "^0.2.1"

escape-string-regexp@^1.0.5:
  version "1.0.5"
  resolved "https://registry.yarnpkg.com/escape-string-regexp/-/escape-string-regexp-1.0.5.tgz#1b61c0562190a8dff6ae3bb2cf0200ca130b86d4"
  integrity sha1-G2HAViGQqN/2rjuyzwIAyhMLhtQ=

extend@~3.0.0:
  version "3.0.1"
  resolved "https://registry.yarnpkg.com/extend/-/extend-3.0.1.tgz#a755ea7bc1adfcc5a31ce7e762dbaadc5e636444"
  integrity sha1-p1Xqe8Gt/MWjHOfnYtuq3F5jZEQ=

external-editor@^2.1.0:
  version "2.2.0"
  resolved "https://registry.yarnpkg.com/external-editor/-/external-editor-2.2.0.tgz#045511cfd8d133f3846673d1047c154e214ad3d5"
  integrity sha512-bSn6gvGxKt+b7+6TKEv1ZycHleA7aHhRHyAqJyp5pbUFuYYNIzpZnQDk7AsYckyWdEnTeAnay0aCy2aV6iTk9A==
  dependencies:
    chardet "^0.4.0"
    iconv-lite "^0.4.17"
    tmp "^0.0.33"

extsprintf@1.0.2:
  version "1.0.2"
  resolved "https://registry.yarnpkg.com/extsprintf/-/extsprintf-1.0.2.tgz#e1080e0658e300b06294990cc70e1502235fd550"
  integrity sha1-4QgOBljjALBilJkMxw4VAiNf1VA=

figures@^2.0.0:
  version "2.0.0"
  resolved "https://registry.yarnpkg.com/figures/-/figures-2.0.0.tgz#3ab1a2d2a62c8bfb431a0c94cb797a2fce27c962"
  integrity sha1-OrGi0qYsi/tDGgyUy3l6L84nyWI=
  dependencies:
    escape-string-regexp "^1.0.5"

find-up@^1.0.0:
  version "1.1.2"
  resolved "https://registry.yarnpkg.com/find-up/-/find-up-1.1.2.tgz#6b2e9822b1a2ce0a60ab64d610eccad53cb24d0f"
  integrity sha1-ay6YIrGizgpgq2TWEOzK1TyyTQ8=
  dependencies:
    path-exists "^2.0.0"
    pinkie-promise "^2.0.0"

find-up@^2.1.0:
  version "2.1.0"
  resolved "https://registry.yarnpkg.com/find-up/-/find-up-2.1.0.tgz#45d1b7e506c717ddd482775a2b77920a3c0c57a7"
  integrity sha1-RdG35QbHF93UgndaK3eSCjwMV6c=
  dependencies:
    locate-path "^2.0.0"

first-run@^1.2.0:
  version "1.2.0"
  resolved "https://registry.yarnpkg.com/first-run/-/first-run-1.2.0.tgz#cc7ad02ea85ff946cc2a9c96c402f9ec4f973120"
  integrity sha1-zHrQLqhf+UbMKpyWxAL57E+XMSA=
  dependencies:
    configstore "^2.0.0"
    read-pkg-up "^1.0.1"

forever-agent@~0.6.1:
  version "0.6.1"
  resolved "https://registry.yarnpkg.com/forever-agent/-/forever-agent-0.6.1.tgz#fbc71f0c41adeb37f96c577ad1ed42d8fdacca91"
  integrity sha1-+8cfDEGt6zf5bFd60e1C2P2sypE=

form-data@~2.1.1:
  version "2.1.4"
  resolved "https://registry.yarnpkg.com/form-data/-/form-data-2.1.4.tgz#33c183acf193276ecaa98143a69e94bfee1750d1"
  integrity sha1-M8GDrPGTJ27KqYFDpp6Uv+4XUNE=
  dependencies:
    asynckit "^0.4.0"
    combined-stream "^1.0.5"
    mime-types "^2.1.12"

getpass@^0.1.1:
  version "0.1.7"
  resolved "https://registry.yarnpkg.com/getpass/-/getpass-0.1.7.tgz#5eff8e3e684d569ae4cb2b1282604e8ba62149fa"
  integrity sha1-Xv+OPmhNVprkyysSgmBOi6YhSfo=
  dependencies:
    assert-plus "^1.0.0"

graceful-fs@^4.1.11, graceful-fs@^4.1.2:
  version "4.1.11"
  resolved "https://registry.yarnpkg.com/graceful-fs/-/graceful-fs-4.1.11.tgz#0e8bdfe4d1ddb8854d64e04ea7c00e2a026e5658"
  integrity sha1-Dovf5NHduIVNZOBOp8AOKgJuVlg=

har-schema@^1.0.5:
  version "1.0.5"
  resolved "https://registry.yarnpkg.com/har-schema/-/har-schema-1.0.5.tgz#d263135f43307c02c602afc8fe95970c0151369e"
  integrity sha1-0mMTX0MwfALGAq/I/pWXDAFRNp4=

har-validator@~4.2.1:
  version "4.2.1"
  resolved "https://registry.yarnpkg.com/har-validator/-/har-validator-4.2.1.tgz#33481d0f1bbff600dd203d75812a6a5fba002e2a"
  integrity sha1-M0gdDxu/9gDdID11gSpqX7oALio=
  dependencies:
    ajv "^4.9.1"
    har-schema "^1.0.5"

has-flag@^3.0.0:
  version "3.0.0"
  resolved "https://registry.yarnpkg.com/has-flag/-/has-flag-3.0.0.tgz#b5d454dc2199ae225699f3467e5a07f3b955bafd"
  integrity sha1-tdRU3CGZriJWmfNGfloH87lVuv0=

hawk@~3.1.3:
  version "3.1.3"
  resolved "https://registry.yarnpkg.com/hawk/-/hawk-3.1.3.tgz#078444bd7c1640b0fe540d2c9b73d59678e8e1c4"
  integrity sha1-B4REvXwWQLD+VA0sm3PVlnjo4cQ=
  dependencies:
    boom "2.x.x"
    cryptiles "2.x.x"
    hoek "2.x.x"
    sntp "1.x.x"

hoek@2.x.x:
  version "2.16.3"
  resolved "https://registry.yarnpkg.com/hoek/-/hoek-2.16.3.tgz#20bb7403d3cea398e91dc4710a8ff1b8274a25ed"
  integrity sha1-ILt0A9POo5jpHcRxCo/xuCdKJe0=

hosted-git-info@^2.1.4:
  version "2.4.2"
  resolved "https://registry.yarnpkg.com/hosted-git-info/-/hosted-git-info-2.4.2.tgz#0076b9f46a270506ddbaaea56496897460612a67"
  integrity sha1-AHa59GonBQbduq6lZJaJdGBhKmc=

http-signature@~1.1.0:
  version "1.1.1"
  resolved "https://registry.yarnpkg.com/http-signature/-/http-signature-1.1.1.tgz#df72e267066cd0ac67fb76adf8e134a8fbcf91bf"
  integrity sha1-33LiZwZs0Kxn+3at+OE0qPvPkb8=
  dependencies:
    assert-plus "^0.2.0"
    jsprim "^1.2.2"
    sshpk "^1.7.0"

iconv-lite@^0.4.17:
  version "0.4.23"
  resolved "https://registry.yarnpkg.com/iconv-lite/-/iconv-lite-0.4.23.tgz#297871f63be507adcfbfca715d0cd0eed84e9a63"
  integrity sha512-neyTUVFtahjf0mB3dZT77u+8O0QB89jFdnBkd5P1JgYPbPaia3gXXOVL2fq8VyU2gMMD7SaN7QukTB/pmXYvDA==
  dependencies:
    safer-buffer ">= 2.1.2 < 3"

imurmurhash@^0.1.4:
  version "0.1.4"
  resolved "https://registry.yarnpkg.com/imurmurhash/-/imurmurhash-0.1.4.tgz#9218b9b2b928a238b13dc4fb6b6d576f231453ea"
  integrity sha1-khi5srkoojixPcT7a21XbyMUU+o=

inquirer@^5.0.0:
  version "5.2.0"
  resolved "https://registry.yarnpkg.com/inquirer/-/inquirer-5.2.0.tgz#db350c2b73daca77ff1243962e9f22f099685726"
  integrity sha512-E9BmnJbAKLPGonz0HeWHtbKf+EeSP93paWO3ZYoUpq/aowXvYGjjCSuashhXPpzbArIjBbji39THkxTz9ZeEUQ==
  dependencies:
    ansi-escapes "^3.0.0"
    chalk "^2.0.0"
    cli-cursor "^2.1.0"
    cli-width "^2.0.0"
    external-editor "^2.1.0"
    figures "^2.0.0"
    lodash "^4.3.0"
    mute-stream "0.0.7"
    run-async "^2.2.0"
    rxjs "^5.5.2"
    string-width "^2.1.0"
    strip-ansi "^4.0.0"
    through "^2.3.6"

insight@^0.10.1:
  version "0.10.1"
  resolved "https://registry.yarnpkg.com/insight/-/insight-0.10.1.tgz#a0ecf668484a95d66e9be59644964e719cc83380"
  integrity sha512-kLGeYQkh18f8KuC68QKdi0iwUcIaayJVB/STpX7x452/7pAUm1yfG4giJwcxbrTh0zNYtc8kBR+6maLMOzglOQ==
  dependencies:
    async "^2.1.4"
    chalk "^2.3.0"
    conf "^1.3.1"
    inquirer "^5.0.0"
    lodash.debounce "^4.0.8"
    os-name "^2.0.1"
    request "^2.74.0"
    tough-cookie "^2.0.0"
    uuid "^3.0.0"

is-arrayish@^0.2.1:
  version "0.2.1"
  resolved "https://registry.yarnpkg.com/is-arrayish/-/is-arrayish-0.2.1.tgz#77c99840527aa8ecb1a8ba697b80645a7a926a9d"
  integrity sha1-d8mYQFJ6qOyxqLppe4BkWnqSap0=

is-builtin-module@^1.0.0:
  version "1.0.0"
  resolved "https://registry.yarnpkg.com/is-builtin-module/-/is-builtin-module-1.0.0.tgz#540572d34f7ac3119f8f76c30cbc1b1e037affbe"
  integrity sha1-VAVy0096wxGfj3bDDLwbHgN6/74=
  dependencies:
    builtin-modules "^1.0.0"

is-fullwidth-code-point@^2.0.0:
  version "2.0.0"
  resolved "https://registry.yarnpkg.com/is-fullwidth-code-point/-/is-fullwidth-code-point-2.0.0.tgz#a3b30a5c4f199183167aaab93beefae3ddfb654f"
  integrity sha1-o7MKXE8ZkYMWeqq5O+764937ZU8=

is-obj@^1.0.0:
  version "1.0.1"
  resolved "https://registry.yarnpkg.com/is-obj/-/is-obj-1.0.1.tgz#3e4729ac1f5fde025cd7d83a896dab9f4f67db0f"
  integrity sha1-PkcprB9f3gJc19g6iW2rn09n2w8=

is-promise@^2.1.0:
  version "2.1.0"
  resolved "https://registry.yarnpkg.com/is-promise/-/is-promise-2.1.0.tgz#79a2a9ece7f096e80f36d2b2f3bc16c1ff4bf3fa"
  integrity sha1-eaKp7OfwlugPNtKy87wWwf9L8/o=

is-typedarray@~1.0.0:
  version "1.0.0"
  resolved "https://registry.yarnpkg.com/is-typedarray/-/is-typedarray-1.0.0.tgz#e479c80858df0c1b11ddda6940f96011fcda4a9a"
  integrity sha1-5HnICFjfDBsR3dppQPlgEfzaSpo=

is-utf8@^0.2.0:
  version "0.2.1"
  resolved "https://registry.yarnpkg.com/is-utf8/-/is-utf8-0.2.1.tgz#4b0da1442104d1b336340e80797e865cf39f7d72"
  integrity sha1-Sw2hRCEE0bM2NA6AeX6GXPOffXI=

isstream@~0.1.2:
  version "0.1.2"
  resolved "https://registry.yarnpkg.com/isstream/-/isstream-0.1.2.tgz#47e63f7af55afa6f92e1500e690eb8b8529c099a"
  integrity sha1-R+Y/evVa+m+S4VAOaQ64uFKcCZo=

jodid25519@^1.0.0:
  version "1.0.2"
  resolved "https://registry.yarnpkg.com/jodid25519/-/jodid25519-1.0.2.tgz#06d4912255093419477d425633606e0e90782967"
  integrity sha1-BtSRIlUJNBlHfUJWM2BuDpB4KWc=
  dependencies:
    jsbn "~0.1.0"

jsbn@~0.1.0:
  version "0.1.1"
  resolved "https://registry.yarnpkg.com/jsbn/-/jsbn-0.1.1.tgz#a5e654c2e5a2deb5f201d96cefbca80c0ef2f513"
  integrity sha1-peZUwuWi3rXyAdls77yoDA7y9RM=

json-schema@0.2.3:
  version "0.2.3"
  resolved "https://registry.yarnpkg.com/json-schema/-/json-schema-0.2.3.tgz#b480c892e59a2f05954ce727bd3f2a4e882f9e13"
  integrity sha1-tIDIkuWaLwWVTOcnvT8qTogvnhM=

json-stable-stringify@^1.0.1:
  version "1.0.1"
  resolved "https://registry.yarnpkg.com/json-stable-stringify/-/json-stable-stringify-1.0.1.tgz#9a759d39c5f2ff503fd5300646ed445f88c4f9af"
  integrity sha1-mnWdOcXy/1A/1TAGRu1EX4jE+a8=
  dependencies:
    jsonify "~0.0.0"

json-stringify-safe@~5.0.1:
  version "5.0.1"
  resolved "https://registry.yarnpkg.com/json-stringify-safe/-/json-stringify-safe-5.0.1.tgz#1296a2d58fd45f19a0f6ce01d65701e2c735b6eb"
  integrity sha1-Epai1Y/UXxmg9s4B1lcB4sc1tus=

jsonify@~0.0.0:
  version "0.0.0"
  resolved "https://registry.yarnpkg.com/jsonify/-/jsonify-0.0.0.tgz#2c74b6ee41d93ca51b7b5aaee8f503631d252a73"
  integrity sha1-LHS27kHZPKUbe1qu6PUDYx0lKnM=

jsprim@^1.2.2:
  version "1.4.0"
  resolved "https://registry.yarnpkg.com/jsprim/-/jsprim-1.4.0.tgz#a3b87e40298d8c380552d8cc7628a0bb95a22918"
  integrity sha1-o7h+QCmNjDgFUtjMdiigu5WiKRg=
  dependencies:
    assert-plus "1.0.0"
    extsprintf "1.0.2"
    json-schema "0.2.3"
    verror "1.3.6"

load-json-file@^1.0.0:
  version "1.1.0"
  resolved "https://registry.yarnpkg.com/load-json-file/-/load-json-file-1.1.0.tgz#956905708d58b4bab4c2261b04f59f31c99374c0"
  integrity sha1-lWkFcI1YtLq0wiYbBPWfMcmTdMA=
  dependencies:
    graceful-fs "^4.1.2"
    parse-json "^2.2.0"
    pify "^2.0.0"
    pinkie-promise "^2.0.0"
    strip-bom "^2.0.0"

locate-path@^2.0.0:
  version "2.0.0"
  resolved "https://registry.yarnpkg.com/locate-path/-/locate-path-2.0.0.tgz#2b568b265eec944c6d9c0de9c3dbbbca0354cd8e"
  integrity sha1-K1aLJl7slExtnA3pw9u7ygNUzY4=
  dependencies:
    p-locate "^2.0.0"
    path-exists "^3.0.0"

lodash.debounce@^4.0.8:
  version "4.0.8"
  resolved "https://registry.yarnpkg.com/lodash.debounce/-/lodash.debounce-4.0.8.tgz#82d79bff30a67c4005ffd5e2515300ad9ca4d7af"
  integrity sha1-gteb/zCmfEAF/9XiUVMArZyk168=

lodash@^4.17.10, lodash@^4.3.0:
  version "4.17.10"
  resolved "https://registry.yarnpkg.com/lodash/-/lodash-4.17.10.tgz#1b7793cf7259ea38fb3661d4d38b3260af8ae4e7"
  integrity sha512-UejweD1pDoXu+AD825lWwp4ZGtSwgnpZxb3JDViD7StjQz+Nb/6l093lx4OQ0foGWNRoc19mWy7BzL+UAK2iVg==

macos-release@^1.0.0:
  version "1.1.0"
  resolved "https://registry.yarnpkg.com/macos-release/-/macos-release-1.1.0.tgz#831945e29365b470aa8724b0ab36c8f8959d10fb"
  integrity sha512-mmLbumEYMi5nXReB9js3WGsB8UE6cDBWyIO62Z4DNx6GbRhDxHNjA1MlzSpJ2S2KM1wyiPRA0d19uHWYYvMHjA==

make-dir@^1.0.0:
  version "1.0.0"
  resolved "https://registry.yarnpkg.com/make-dir/-/make-dir-1.0.0.tgz#97a011751e91dd87cfadef58832ebb04936de978"
  integrity sha1-l6ARdR6R3YfPre9Ygy67BJNt6Xg=
  dependencies:
    pify "^2.3.0"

mime-db@~1.27.0:
  version "1.27.0"
  resolved "https://registry.yarnpkg.com/mime-db/-/mime-db-1.27.0.tgz#820f572296bbd20ec25ed55e5b5de869e5436eb1"
  integrity sha1-gg9XIpa70g7CXtVeW13oaeVDbrE=

mime-types@^2.1.12, mime-types@~2.1.7:
  version "2.1.15"
  resolved "https://registry.yarnpkg.com/mime-types/-/mime-types-2.1.15.tgz#a4ebf5064094569237b8cf70046776d09fc92aed"
  integrity sha1-pOv1BkCUVpI3uM9wBGd20J/JKu0=
  dependencies:
    mime-db "~1.27.0"

mimic-fn@^1.0.0:
  version "1.2.0"
  resolved "https://registry.yarnpkg.com/mimic-fn/-/mimic-fn-1.2.0.tgz#820c86a39334640e99516928bd03fca88057d022"
  integrity sha512-jf84uxzwiuiIVKiOLpfYk7N46TSy8ubTonmneY9vrpHNAnp0QBt2BxWV9dO3/j+BoVAb+a5G6YDPW3M5HOdMWQ==

minimist@0.0.8:
  version "0.0.8"
  resolved "https://registry.yarnpkg.com/minimist/-/minimist-0.0.8.tgz#857fcabfc3397d2625b8228262e86aa7a011b05d"
  integrity sha1-hX/Kv8M5fSYluCKCYuhqp6ARsF0=

mkdirp@^0.5.0:
  version "0.5.1"
  resolved "https://registry.yarnpkg.com/mkdirp/-/mkdirp-0.5.1.tgz#30057438eac6cf7f8c4767f38648d6697d75c903"
  integrity sha1-MAV0OOrGz3+MR2fzhkjWaX11yQM=
  dependencies:
    minimist "0.0.8"

ms@^2.1.1:
  version "2.1.1"
  resolved "https://registry.yarnpkg.com/ms/-/ms-2.1.1.tgz#30a5864eb3ebb0a66f2ebe6d727af06a09d86e0a"
  integrity sha512-tgp+dl5cGk28utYktBsrFqA7HKgrhgPsg6Z/EfhWI4gl1Hwq8B/GmY/0oXZ6nF8hDVesS/FpnYaD/kOWhYQvyg==

mute-stream@0.0.7:
  version "0.0.7"
  resolved "https://registry.yarnpkg.com/mute-stream/-/mute-stream-0.0.7.tgz#3075ce93bc21b8fab43e1bc4da7e8115ed1e7bab"
  integrity sha1-MHXOk7whuPq0PhvE2n6BFe0ee6s=

normalize-package-data@^2.3.2:
  version "2.3.8"
  resolved "https://registry.yarnpkg.com/normalize-package-data/-/normalize-package-data-2.3.8.tgz#d819eda2a9dedbd1ffa563ea4071d936782295bb"
  integrity sha1-2Bntoqne29H/pWPqQHHZNngilbs=
  dependencies:
    hosted-git-info "^2.1.4"
    is-builtin-module "^1.0.0"
    semver "2 || 3 || 4 || 5"
    validate-npm-package-license "^3.0.1"

oauth-sign@~0.8.1:
  version "0.8.2"
  resolved "https://registry.yarnpkg.com/oauth-sign/-/oauth-sign-0.8.2.tgz#46a6ab7f0aead8deae9ec0565780b7d4efeb9d43"
  integrity sha1-Rqarfwrq2N6unsBWV4C31O/rnUM=

object-assign@^4.0.1:
  version "4.1.1"
  resolved "https://registry.yarnpkg.com/object-assign/-/object-assign-4.1.1.tgz#2109adc7965887cfc05cbbd442cac8bfbb360863"
  integrity sha1-IQmtx5ZYh8/AXLvUQsrIv7s2CGM=

onetime@^2.0.0:
  version "2.0.1"
  resolved "https://registry.yarnpkg.com/onetime/-/onetime-2.0.1.tgz#067428230fd67443b2794b22bba528b6867962d4"
  integrity sha1-BnQoIw/WdEOyeUsiu6UotoZ5YtQ=
  dependencies:
    mimic-fn "^1.0.0"

os-homedir@^1.0.0:
  version "1.0.2"
  resolved "https://registry.yarnpkg.com/os-homedir/-/os-homedir-1.0.2.tgz#ffbc4988336e0e833de0c168c7ef152121aa7fb3"
  integrity sha1-/7xJiDNuDoM94MFox+8VISGqf7M=

os-name@^2.0.1:
  version "2.0.1"
  resolved "https://registry.yarnpkg.com/os-name/-/os-name-2.0.1.tgz#b9a386361c17ae3a21736ef0599405c9a8c5dc5e"
  integrity sha1-uaOGNhwXrjohc27wWZQFyajF3F4=
  dependencies:
    macos-release "^1.0.0"
    win-release "^1.0.0"

os-tmpdir@^1.0.0, os-tmpdir@~1.0.2:
  version "1.0.2"
  resolved "https://registry.yarnpkg.com/os-tmpdir/-/os-tmpdir-1.0.2.tgz#bbe67406c79aa85c5cfec766fe5734555dfa1274"
  integrity sha1-u+Z0BseaqFxc/sdm/lc0VV36EnQ=

os@^0.1.1:
  version "0.1.1"
  resolved "https://registry.yarnpkg.com/os/-/os-0.1.1.tgz#208845e89e193ad4d971474b93947736a56d13f3"
  integrity sha1-IIhF6J4ZOtTZcUdLk5R3NqVtE/M=

osenv@^0.1.0:
  version "0.1.4"
  resolved "https://registry.yarnpkg.com/osenv/-/osenv-0.1.4.tgz#42fe6d5953df06c8064be6f176c3d05aaaa34644"
  integrity sha1-Qv5tWVPfBsgGS+bxdsPQWqqjRkQ=
  dependencies:
    os-homedir "^1.0.0"
    os-tmpdir "^1.0.0"

p-cancelable@^0.4.1:
  version "0.4.1"
  resolved "https://registry.yarnpkg.com/p-cancelable/-/p-cancelable-0.4.1.tgz#35f363d67d52081c8d9585e37bcceb7e0bbcb2a0"
  integrity sha512-HNa1A8LvB1kie7cERyy21VNeHb2CWJJYqyyC2o3klWFfMGlFmWv2Z7sFgZH8ZiaYL95ydToKTFVXgMV/Os0bBQ==

p-limit@^1.1.0:
  version "1.1.0"
  resolved "https://registry.yarnpkg.com/p-limit/-/p-limit-1.1.0.tgz#b07ff2d9a5d88bec806035895a2bab66a27988bc"
  integrity sha1-sH/y2aXYi+yAYDWJWiurZqJ5iLw=

p-locate@^2.0.0:
  version "2.0.0"
  resolved "https://registry.yarnpkg.com/p-locate/-/p-locate-2.0.0.tgz#20a0103b222a70c8fd39cc2e580680f3dde5ec43"
  integrity sha1-IKAQOyIqcMj9OcwuWAaA893l7EM=
  dependencies:
    p-limit "^1.1.0"

parse-json@^2.2.0:
  version "2.2.0"
  resolved "https://registry.yarnpkg.com/parse-json/-/parse-json-2.2.0.tgz#f480f40434ef80741f8469099f8dea18f55a4dc9"
  integrity sha1-9ID0BDTvgHQfhGkJn43qGPVaTck=
  dependencies:
    error-ex "^1.2.0"

path-exists@^2.0.0:
  version "2.1.0"
  resolved "https://registry.yarnpkg.com/path-exists/-/path-exists-2.1.0.tgz#0feb6c64f0fc518d9a754dd5efb62c7022761f4b"
  integrity sha1-D+tsZPD8UY2adU3V77YscCJ2H0s=
  dependencies:
    pinkie-promise "^2.0.0"

path-exists@^3.0.0:
  version "3.0.0"
  resolved "https://registry.yarnpkg.com/path-exists/-/path-exists-3.0.0.tgz#ce0ebeaa5f78cb18925ea7d810d7b59b010fd515"
  integrity sha1-zg6+ql94yxiSXqfYENe1mwEP1RU=

path-type@^1.0.0:
  version "1.1.0"
  resolved "https://registry.yarnpkg.com/path-type/-/path-type-1.1.0.tgz#59c44f7ee491da704da415da5a4070ba4f8fe441"
  integrity sha1-WcRPfuSR2nBNpBXaWkBwuk+P5EE=
  dependencies:
    graceful-fs "^4.1.2"
    pify "^2.0.0"
    pinkie-promise "^2.0.0"

performance-now@^0.2.0:
  version "0.2.0"
  resolved "https://registry.yarnpkg.com/performance-now/-/performance-now-0.2.0.tgz#33ef30c5c77d4ea21c5a53869d91b56d8f2555e5"
  integrity sha1-M+8wxcd9TqIcWlOGnZG1bY8lVeU=

pify@^2.0.0, pify@^2.3.0:
  version "2.3.0"
  resolved "https://registry.yarnpkg.com/pify/-/pify-2.3.0.tgz#ed141a6ac043a849ea588498e7dca8b15330e90c"
  integrity sha1-7RQaasBDqEnqWISY59yosVMw6Qw=

pinkie-promise@^2.0.0:
  version "2.0.1"
  resolved "https://registry.yarnpkg.com/pinkie-promise/-/pinkie-promise-2.0.1.tgz#2135d6dfa7a358c069ac9b178776288228450ffa"
  integrity sha1-ITXW36ejWMBprJsXh3YogihFD/o=
  dependencies:
    pinkie "^2.0.0"

pinkie@^2.0.0:
  version "2.0.4"
  resolved "https://registry.yarnpkg.com/pinkie/-/pinkie-2.0.4.tgz#72556b80cfa0d48a974e80e77248e80ed4f7f870"
  integrity sha1-clVrgM+g1IqXToDnckjoDtT3+HA=

pkg-up@^2.0.0:
  version "2.0.0"
  resolved "https://registry.yarnpkg.com/pkg-up/-/pkg-up-2.0.0.tgz#c819ac728059a461cab1c3889a2be3c49a004d7f"
  integrity sha1-yBmscoBZpGHKscOImivjxJoATX8=
  dependencies:
    find-up "^2.1.0"

punycode@^1.4.1:
  version "1.4.1"
  resolved "https://registry.yarnpkg.com/punycode/-/punycode-1.4.1.tgz#c0d5a63b2718800ad8e1eb0fa5269c84dd41845e"
  integrity sha1-wNWmOycYgArY4esPpSachN1BhF4=

qs@~6.4.0:
  version "6.4.0"
  resolved "https://registry.yarnpkg.com/qs/-/qs-6.4.0.tgz#13e26d28ad6b0ffaa91312cd3bf708ed351e7233"
  integrity sha1-E+JtKK1rD/qpExLNO/cI7TUecjM=

read-pkg-up@^1.0.1:
  version "1.0.1"
  resolved "https://registry.yarnpkg.com/read-pkg-up/-/read-pkg-up-1.0.1.tgz#9d63c13276c065918d57f002a57f40a1b643fb02"
  integrity sha1-nWPBMnbAZZGNV/ACpX9AobZD+wI=
  dependencies:
    find-up "^1.0.0"
    read-pkg "^1.0.0"

read-pkg@^1.0.0:
  version "1.1.0"
  resolved "https://registry.yarnpkg.com/read-pkg/-/read-pkg-1.1.0.tgz#f5ffaa5ecd29cb31c0474bca7d756b6bb29e3f28"
  integrity sha1-9f+qXs0pyzHAR0vKfXVra7KePyg=
  dependencies:
    load-json-file "^1.0.0"
    normalize-package-data "^2.3.2"
    path-type "^1.0.0"

request@^2.74.0:
  version "2.81.0"
  resolved "https://registry.yarnpkg.com/request/-/request-2.81.0.tgz#c6928946a0e06c5f8d6f8a9333469ffda46298a0"
  integrity sha1-xpKJRqDgbF+Nb4qTM0af/aRimKA=
  dependencies:
    aws-sign2 "~0.6.0"
    aws4 "^1.2.1"
    caseless "~0.12.0"
    combined-stream "~1.0.5"
    extend "~3.0.0"
    forever-agent "~0.6.1"
    form-data "~2.1.1"
    har-validator "~4.2.1"
    hawk "~3.1.3"
    http-signature "~1.1.0"
    is-typedarray "~1.0.0"
    isstream "~0.1.2"
    json-stringify-safe "~5.0.1"
    mime-types "~2.1.7"
    oauth-sign "~0.8.1"
    performance-now "^0.2.0"
    qs "~6.4.0"
    safe-buffer "^5.0.1"
    stringstream "~0.0.4"
    tough-cookie "~2.3.0"
    tunnel-agent "^0.6.0"
    uuid "^3.0.0"

restore-cursor@^2.0.0:
  version "2.0.0"
  resolved "https://registry.yarnpkg.com/restore-cursor/-/restore-cursor-2.0.0.tgz#9f7ee287f82fd326d4fd162923d62129eee0dfaf"
  integrity sha1-n37ih/gv0ybU/RYpI9YhKe7g368=
  dependencies:
    onetime "^2.0.0"
    signal-exit "^3.0.2"

run-async@^2.2.0:
  version "2.3.0"
  resolved "https://registry.yarnpkg.com/run-async/-/run-async-2.3.0.tgz#0371ab4ae0bdd720d4166d7dfda64ff7a445a6c0"
  integrity sha1-A3GrSuC91yDUFm19/aZP96RFpsA=
  dependencies:
    is-promise "^2.1.0"

rxjs@^5.5.2:
  version "5.5.11"
  resolved "https://registry.yarnpkg.com/rxjs/-/rxjs-5.5.11.tgz#f733027ca43e3bec6b994473be4ab98ad43ced87"
  integrity sha512-3bjO7UwWfA2CV7lmwYMBzj4fQ6Cq+ftHc2MvUe+WMS7wcdJ1LosDWmdjPQanYp2dBRj572p7PeU81JUxHKOcBA==
  dependencies:
    symbol-observable "1.0.1"

safe-buffer@^5.0.1:
  version "5.0.1"
  resolved "https://registry.yarnpkg.com/safe-buffer/-/safe-buffer-5.0.1.tgz#d263ca54696cd8a306b5ca6551e92de57918fbe7"
  integrity sha1-0mPKVGls2KMGtcplUekt5XkY++c=

"safer-buffer@>= 2.1.2 < 3":
  version "2.1.2"
  resolved "https://registry.yarnpkg.com/safer-buffer/-/safer-buffer-2.1.2.tgz#44fa161b0187b9549dd84bb91802f9bd8385cd6a"
  integrity sha512-YZo3K82SD7Riyi0E1EQPojLz7kpepnSQI9IyPbHHg1XXXevb5dJI7tpyN2ADxGcQbHG7vcyRHk0cbwqcQriUtg==

"semver@2 || 3 || 4 || 5", semver@^5.0.1:
  version "5.3.0"
  resolved "https://registry.yarnpkg.com/semver/-/semver-5.3.0.tgz#9b2ce5d3de02d17c6012ad326aa6b4d0cf54f94f"
  integrity sha1-myzl094C0XxgEq0yaqa00M9U+U8=

signal-exit@^3.0.2:
  version "3.0.2"
  resolved "https://registry.yarnpkg.com/signal-exit/-/signal-exit-3.0.2.tgz#b5fdc08f1287ea1178628e415e25132b73646c6d"
  integrity sha1-tf3AjxKH6hF4Yo5BXiUTK3NkbG0=

slide@^1.1.5:
  version "1.1.6"
  resolved "https://registry.yarnpkg.com/slide/-/slide-1.1.6.tgz#56eb027d65b4d2dce6cb2e2d32c4d4afc9e1d707"
  integrity sha1-VusCfWW00tzmyy4tMsTUr8nh1wc=

sntp@1.x.x:
  version "1.0.9"
  resolved "https://registry.yarnpkg.com/sntp/-/sntp-1.0.9.tgz#6541184cc90aeea6c6e7b35e2659082443c66198"
  integrity sha1-ZUEYTMkK7qbG57NeJlkIJEPGYZg=
  dependencies:
    hoek "2.x.x"

spdx-correct@~1.0.0:
  version "1.0.2"
  resolved "https://registry.yarnpkg.com/spdx-correct/-/spdx-correct-1.0.2.tgz#4b3073d933ff51f3912f03ac5519498a4150db40"
  integrity sha1-SzBz2TP/UfORLwOsVRlJikFQ20A=
  dependencies:
    spdx-license-ids "^1.0.2"

spdx-expression-parse@~1.0.0:
  version "1.0.4"
  resolved "https://registry.yarnpkg.com/spdx-expression-parse/-/spdx-expression-parse-1.0.4.tgz#9bdf2f20e1f40ed447fbe273266191fced51626c"
  integrity sha1-m98vIOH0DtRH++JzJmGR/O1RYmw=

spdx-license-ids@^1.0.2:
  version "1.2.2"
  resolved "https://registry.yarnpkg.com/spdx-license-ids/-/spdx-license-ids-1.2.2.tgz#c9df7a3424594ade6bd11900d596696dc06bac57"
  integrity sha1-yd96NCRZSt5r0RkA1ZZpbcBrrFc=

sshpk@^1.7.0:
  version "1.13.0"
  resolved "https://registry.yarnpkg.com/sshpk/-/sshpk-1.13.0.tgz#ff2a3e4fd04497555fed97b39a0fd82fafb3a33c"
  integrity sha1-/yo+T9BEl1Vf7Zezmg/YL6+zozw=
  dependencies:
    asn1 "~0.2.3"
    assert-plus "^1.0.0"
    dashdash "^1.12.0"
    getpass "^0.1.1"
  optionalDependencies:
    bcrypt-pbkdf "^1.0.0"
    ecc-jsbn "~0.1.1"
    jodid25519 "^1.0.0"
    jsbn "~0.1.0"
    tweetnacl "~0.14.0"

string-width@^2.1.0:
  version "2.1.1"
  resolved "https://registry.yarnpkg.com/string-width/-/string-width-2.1.1.tgz#ab93f27a8dc13d28cac815c462143a6d9012ae9e"
  integrity sha512-nOqH59deCq9SRHlxq1Aw85Jnt4w6KvLKqWVik6oA9ZklXLNIOlqg4F2yrT1MVaTjAqvVwdfeZ7w7aCvJD7ugkw==
  dependencies:
    is-fullwidth-code-point "^2.0.0"
    strip-ansi "^4.0.0"

stringstream@~0.0.4:
  version "0.0.5"
  resolved "https://registry.yarnpkg.com/stringstream/-/stringstream-0.0.5.tgz#4e484cd4de5a0bbbee18e46307710a8a81621878"
  integrity sha1-TkhM1N5aC7vuGORjB3EKioFiGHg=

strip-ansi@^4.0.0:
  version "4.0.0"
  resolved "https://registry.yarnpkg.com/strip-ansi/-/strip-ansi-4.0.0.tgz#a8479022eb1ac368a871389b635262c505ee368f"
  integrity sha1-qEeQIusaw2iocTibY1JixQXuNo8=
  dependencies:
    ansi-regex "^3.0.0"

strip-bom@^2.0.0:
  version "2.0.0"
  resolved "https://registry.yarnpkg.com/strip-bom/-/strip-bom-2.0.0.tgz#6219a85616520491f35788bdbf1447a99c7e6b0e"
  integrity sha1-YhmoVhZSBJHzV4i9vxRHqZx+aw4=
  dependencies:
    is-utf8 "^0.2.0"

supports-color@^5.3.0:
  version "5.4.0"
  resolved "https://registry.yarnpkg.com/supports-color/-/supports-color-5.4.0.tgz#1c6b337402c2137605efe19f10fec390f6faab54"
  integrity sha512-zjaXglF5nnWpsq470jSv6P9DwPvgLkuapYmfDm3JWOm0vkNTVF2tI4UrN2r6jH1qM/uc/WtxYY1hYoA2dOKj5w==
  dependencies:
    has-flag "^3.0.0"

symbol-observable@1.0.1:
  version "1.0.1"
  resolved "https://registry.yarnpkg.com/symbol-observable/-/symbol-observable-1.0.1.tgz#8340fc4702c3122df5d22288f88283f513d3fdd4"
  integrity sha1-g0D8RwLDEi310iKI+IKD9RPT/dQ=

through@^2.3.6:
  version "2.3.8"
  resolved "https://registry.yarnpkg.com/through/-/through-2.3.8.tgz#0dd4c9ffaabc357960b1b724115d7e0e86a2e1f5"
  integrity sha1-DdTJ/6q8NXlgsbckEV1+Doai4fU=

tmp@^0.0.33:
  version "0.0.33"
  resolved "https://registry.yarnpkg.com/tmp/-/tmp-0.0.33.tgz#6d34335889768d21b2bcda0aa277ced3b1bfadf9"
  integrity sha512-jRCJlojKnZ3addtTOjdIqoRuPEKBvNXcGYqzO6zWZX8KfKEpnGY5jfggJQ3EjKuu8D4bJRr0y+cYJFmYbImXGw==
  dependencies:
    os-tmpdir "~1.0.2"

tough-cookie@^2.0.0, tough-cookie@~2.3.0:
  version "2.3.2"
  resolved "https://registry.yarnpkg.com/tough-cookie/-/tough-cookie-2.3.2.tgz#f081f76e4c85720e6c37a5faced737150d84072a"
  integrity sha1-8IH3bkyFcg5sN6X6ztc3FQ2EByo=
  dependencies:
    punycode "^1.4.1"

tunnel-agent@^0.6.0:
  version "0.6.0"
  resolved "https://registry.yarnpkg.com/tunnel-agent/-/tunnel-agent-0.6.0.tgz#27a5dea06b36b04a0a9966774b290868f0fc40fd"
  integrity sha1-J6XeoGs2sEoKmWZ3SykIaPD8QP0=
  dependencies:
    safe-buffer "^5.0.1"

tweetnacl@^0.14.3, tweetnacl@~0.14.0:
  version "0.14.5"
  resolved "https://registry.yarnpkg.com/tweetnacl/-/tweetnacl-0.14.5.tgz#5ae68177f192d4456269d108afa93ff8743f4f64"
  integrity sha1-WuaBd/GS1EViadEIr6k/+HQ/T2Q=

uuid@^2.0.1:
  version "2.0.3"
  resolved "https://registry.yarnpkg.com/uuid/-/uuid-2.0.3.tgz#67e2e863797215530dff318e5bf9dcebfd47b21a"
  integrity sha1-Z+LoY3lyFVMN/zGOW/nc6/1Hsho=

uuid@^3.0.0:
  version "3.0.1"
  resolved "https://registry.yarnpkg.com/uuid/-/uuid-3.0.1.tgz#6544bba2dfda8c1cf17e629a3a305e2bb1fee6c1"
  integrity sha1-ZUS7ot/ajBzxfmKaOjBeK7H+5sE=

validate-npm-package-license@^3.0.1:
  version "3.0.1"
  resolved "https://registry.yarnpkg.com/validate-npm-package-license/-/validate-npm-package-license-3.0.1.tgz#2804babe712ad3379459acfbe24746ab2c303fbc"
  integrity sha1-KAS6vnEq0zeUWaz74kdGqywwP7w=
  dependencies:
    spdx-correct "~1.0.0"
    spdx-expression-parse "~1.0.0"

verror@1.3.6:
  version "1.3.6"
  resolved "https://registry.yarnpkg.com/verror/-/verror-1.3.6.tgz#cff5df12946d297d2baaefaa2689e25be01c005c"
  integrity sha1-z/XfEpRtKX0rqu+qJoniW+AcAFw=
  dependencies:
    extsprintf "1.0.2"

win-release@^1.0.0:
  version "1.1.1"
  resolved "https://registry.yarnpkg.com/win-release/-/win-release-1.1.1.tgz#5fa55e02be7ca934edfc12665632e849b72e5209"
  integrity sha1-X6VeAr58qTTt/BJmVjLoSbcuUgk=
  dependencies:
    semver "^5.0.1"

write-file-atomic@^1.1.2:
  version "1.3.4"
  resolved "https://registry.yarnpkg.com/write-file-atomic/-/write-file-atomic-1.3.4.tgz#f807a4f0b1d9e913ae7a48112e6cc3af1991b45f"
  integrity sha1-+Aek8LHZ6ROuekgRLmzDrxmRtF8=
  dependencies:
    graceful-fs "^4.1.11"
    imurmurhash "^0.1.4"
    slide "^1.1.5"

write-file-atomic@^2.3.0:
  version "2.3.0"
  resolved "https://registry.yarnpkg.com/write-file-atomic/-/write-file-atomic-2.3.0.tgz#1ff61575c2e2a4e8e510d6fa4e243cce183999ab"
  integrity sha512-xuPeK4OdjWqtfi59ylvVL0Yn35SF3zgcAcv7rBPFHVaEapaDr4GdGgm3j7ckTwH9wHL7fGmgfAnb0+THrHb8tA==
  dependencies:
    graceful-fs "^4.1.11"
    imurmurhash "^0.1.4"
    signal-exit "^3.0.2"

xdg-basedir@^2.0.0:
  version "2.0.0"
  resolved "https://registry.yarnpkg.com/xdg-basedir/-/xdg-basedir-2.0.0.tgz#edbc903cc385fc04523d966a335504b5504d1bd2"
  integrity sha1-7byQPMOF/ARSPZZqM1UEtVBNG9I=
  dependencies:
    os-homedir "^1.0.0"
